// !$*UTF8*$!
{
	archiveVersion = 1;
	classes = {
	};
	objectVersion = 56;
	objects = {

/* Begin PBXBuildFile section */
		F71BDC5A2AE19834008A82DA /* main.c in Sources */ = {isa = PBXBuildFile; fileRef = F71BDC592AE19834008A82DA /* main.c */; };
		F71BDC652AE1A097008A82DA /* main.c in Sources */ = {isa = PBXBuildFile; fileRef = F71BDC642AE1A097008A82DA /* main.c */; };
		F75C673B2AE06E08002FAA47 /* main.c in Sources */ = {isa = PBXBuildFile; fileRef = F75C673A2AE06E08002FAA47 /* main.c */; };
		F772C7CA2AE0523E0024CE59 /* main.c in Sources */ = {isa = PBXBuildFile; fileRef = F772C7C92AE0523E0024CE59 /* main.c */; };
		F772C7D72AE0526F0024CE59 /* main.c in Sources */ = {isa = PBXBuildFile; fileRef = F772C7D62AE0526F0024CE59 /* main.c */; };
		F78864962AE44F5C005A3319 /* main.c in Sources */ = {isa = PBXBuildFile; fileRef = F7048FC02AE44D2A00E2ECE7 /* main.c */; };
/* End PBXBuildFile section */

/* Begin PBXCopyFilesBuildPhase section */
		F7048FBC2AE44D2A00E2ECE7 /* CopyFiles */ = {
			isa = PBXCopyFilesBuildPhase;
			buildActionMask = 2147483647;
			dstPath = /usr/share/man/man1/;
			dstSubfolderSpec = 0;
			files = (
			);
			runOnlyForDeploymentPostprocessing = 1;
		};
		F71BDC552AE19833008A82DA /* CopyFiles */ = {
			isa = PBXCopyFilesBuildPhase;
			buildActionMask = 2147483647;
			dstPath = /usr/share/man/man1/;
			dstSubfolderSpec = 0;
			files = (
			);
			runOnlyForDeploymentPostprocessing = 1;
		};
		F71BDC602AE1A096008A82DA /* CopyFiles */ = {
			isa = PBXCopyFilesBuildPhase;
			buildActionMask = 2147483647;
			dstPath = /usr/share/man/man1/;
			dstSubfolderSpec = 0;
			files = (
			);
			runOnlyForDeploymentPostprocessing = 1;
		};
		F75C67362AE06E08002FAA47 /* CopyFiles */ = {
			isa = PBXCopyFilesBuildPhase;
			buildActionMask = 2147483647;
			dstPath = /usr/share/man/man1/;
			dstSubfolderSpec = 0;
			files = (
			);
			runOnlyForDeploymentPostprocessing = 1;
		};
		F772C7C42AE0523E0024CE59 /* CopyFiles */ = {
			isa = PBXCopyFilesBuildPhase;
			buildActionMask = 2147483647;
			dstPath = /usr/share/man/man1/;
			dstSubfolderSpec = 0;
			files = (
			);
			runOnlyForDeploymentPostprocessing = 1;
		};
		F772C7D22AE0526F0024CE59 /* CopyFiles */ = {
			isa = PBXCopyFilesBuildPhase;
			buildActionMask = 2147483647;
			dstPath = /usr/share/man/man1/;
			dstSubfolderSpec = 0;
			files = (
			);
			runOnlyForDeploymentPostprocessing = 1;
		};
/* End PBXCopyFilesBuildPhase section */

/* Begin PBXFileReference section */
		F7048FBE2AE44D2A00E2ECE7 /* Ders5 */ = {isa = PBXFileReference; explicitFileType = "compiled.mach-o.executable"; includeInIndex = 0; path = Ders5; sourceTree = BUILT_PRODUCTS_DIR; };
		F7048FC02AE44D2A00E2ECE7 /* main.c */ = {isa = PBXFileReference; lastKnownFileType = sourcecode.c.c; path = main.c; sourceTree = "<group>"; };
		F71BDC572AE19833008A82DA /* Ders3 */ = {isa = PBXFileReference; explicitFileType = "compiled.mach-o.executable"; includeInIndex = 0; path = Ders3; sourceTree = BUILT_PRODUCTS_DIR; };
		F71BDC592AE19834008A82DA /* main.c */ = {isa = PBXFileReference; lastKnownFileType = sourcecode.c.c; path = main.c; sourceTree = "<group>"; };
		F71BDC622AE1A096008A82DA /* Ders4 */ = {isa = PBXFileReference; explicitFileType = "compiled.mach-o.executable"; includeInIndex = 0; path = Ders4; sourceTree = BUILT_PRODUCTS_DIR; };
		F71BDC642AE1A097008A82DA /* main.c */ = {isa = PBXFileReference; lastKnownFileType = sourcecode.c.c; path = main.c; sourceTree = "<group>"; };
		F75C67382AE06E08002FAA47 /* Ders2 */ = {isa = PBXFileReference; explicitFileType = "compiled.mach-o.executable"; includeInIndex = 0; path = Ders2; sourceTree = BUILT_PRODUCTS_DIR; };
		F75C673A2AE06E08002FAA47 /* main.c */ = {isa = PBXFileReference; lastKnownFileType = sourcecode.c.c; path = main.c; sourceTree = "<group>"; };
		F772C7C62AE0523E0024CE59 /* with-Murat-Yucedag */ = {isa = PBXFileReference; explicitFileType = "compiled.mach-o.executable"; includeInIndex = 0; path = "with-Murat-Yucedag"; sourceTree = BUILT_PRODUCTS_DIR; };
		F772C7C92AE0523E0024CE59 /* main.c */ = {isa = PBXFileReference; lastKnownFileType = sourcecode.c.c; path = main.c; sourceTree = "<group>"; };
		F772C7D42AE0526F0024CE59 /* Ders1 */ = {isa = PBXFileReference; explicitFileType = "compiled.mach-o.executable"; includeInIndex = 0; path = Ders1; sourceTree = BUILT_PRODUCTS_DIR; };
		F772C7D62AE0526F0024CE59 /* main.c */ = {isa = PBXFileReference; lastKnownFileType = sourcecode.c.c; path = main.c; sourceTree = "<group>"; };
/* End PBXFileReference section */

/* Begin PBXFrameworksBuildPhase section */
		F7048FBB2AE44D2A00E2ECE7 /* Frameworks */ = {
			isa = PBXFrameworksBuildPhase;
			buildActionMask = 2147483647;
			files = (
			);
			runOnlyForDeploymentPostprocessing = 0;
		};
		F71BDC542AE19833008A82DA /* Frameworks */ = {
			isa = PBXFrameworksBuildPhase;
			buildActionMask = 2147483647;
			files = (
			);
			runOnlyForDeploymentPostprocessing = 0;
		};
		F71BDC5F2AE1A096008A82DA /* Frameworks */ = {
			isa = PBXFrameworksBuildPhase;
			buildActionMask = 2147483647;
			files = (
			);
			runOnlyForDeploymentPostprocessing = 0;
		};
		F75C67352AE06E08002FAA47 /* Frameworks */ = {
			isa = PBXFrameworksBuildPhase;
			buildActionMask = 2147483647;
			files = (
			);
			runOnlyForDeploymentPostprocessing = 0;
		};
		F772C7C32AE0523E0024CE59 /* Frameworks */ = {
			isa = PBXFrameworksBuildPhase;
			buildActionMask = 2147483647;
			files = (
			);
			runOnlyForDeploymentPostprocessing = 0;
		};
		F772C7D12AE0526F0024CE59 /* Frameworks */ = {
			isa = PBXFrameworksBuildPhase;
			buildActionMask = 2147483647;
			files = (
			);
			runOnlyForDeploymentPostprocessing = 0;
		};
/* End PBXFrameworksBuildPhase section */

/* Begin PBXGroup section */
		F7048FBF2AE44D2A00E2ECE7 /* Ders05 */ = {
			isa = PBXGroup;
			children = (
				F7048FC02AE44D2A00E2ECE7 /* main.c */,
			);
			path = Ders05;
			sourceTree = "<group>";
		};
		F71BDC582AE19833008A82DA /* Ders03 */ = {
			isa = PBXGroup;
			children = (
				F71BDC592AE19834008A82DA /* main.c */,
			);
			path = Ders03;
			sourceTree = "<group>";
		};
		F71BDC632AE1A096008A82DA /* Ders04 */ = {
			isa = PBXGroup;
			children = (
				F71BDC642AE1A097008A82DA /* main.c */,
			);
			path = Ders04;
			sourceTree = "<group>";
		};
		F75C67392AE06E08002FAA47 /* Ders02 */ = {
			isa = PBXGroup;
			children = (
				F75C673A2AE06E08002FAA47 /* main.c */,
			);
			path = Ders02;
			sourceTree = "<group>";
		};
		F772C7BD2AE0523E0024CE59 = {
			isa = PBXGroup;
			children = (
				F772C7C82AE0523E0024CE59 /* with-Murat-Yucedag */,
				F772C7D52AE0526F0024CE59 /* Ders01 */,
				F75C67392AE06E08002FAA47 /* Ders02 */,
				F71BDC582AE19833008A82DA /* Ders03 */,
				F71BDC632AE1A096008A82DA /* Ders04 */,
				F7048FBF2AE44D2A00E2ECE7 /* Ders05 */,
				F772C7C72AE0523E0024CE59 /* Products */,
			);
			sourceTree = "<group>";
		};
		F772C7C72AE0523E0024CE59 /* Products */ = {
			isa = PBXGroup;
			children = (
				F772C7C62AE0523E0024CE59 /* with-Murat-Yucedag */,
				F772C7D42AE0526F0024CE59 /* Ders1 */,
				F75C67382AE06E08002FAA47 /* Ders2 */,
				F71BDC572AE19833008A82DA /* Ders3 */,
				F71BDC622AE1A096008A82DA /* Ders4 */,
				F7048FBE2AE44D2A00E2ECE7 /* Ders5 */,
			);
			name = Products;
			sourceTree = "<group>";
		};
		F772C7C82AE0523E0024CE59 /* with-Murat-Yucedag */ = {
			isa = PBXGroup;
			children = (
				F772C7C92AE0523E0024CE59 /* main.c */,
			);
			path = "with-Murat-Yucedag";
			sourceTree = "<group>";
		};
		F772C7D52AE0526F0024CE59 /* Ders01 */ = {
			isa = PBXGroup;
			children = (
				F772C7D62AE0526F0024CE59 /* main.c */,
			);
			path = Ders01;
			sourceTree = "<group>";
		};
/* End PBXGroup section */

/* Begin PBXNativeTarget section */
		F7048FBD2AE44D2A00E2ECE7 /* Ders5 */ = {
			isa = PBXNativeTarget;
			buildConfigurationList = F7048FC42AE44D2A00E2ECE7 /* Build configuration list for PBXNativeTarget "Ders5" */;
			buildPhases = (
				F7048FBA2AE44D2A00E2ECE7 /* Sources */,
				F7048FBB2AE44D2A00E2ECE7 /* Frameworks */,
				F7048FBC2AE44D2A00E2ECE7 /* CopyFiles */,
			);
			buildRules = (
			);
			dependencies = (
			);
			name = Ders5;
			productName = Ders5;
			productReference = F7048FBE2AE44D2A00E2ECE7 /* Ders5 */;
			productType = "com.apple.product-type.tool";
		};
		F71BDC562AE19833008A82DA /* Ders3 */ = {
			isa = PBXNativeTarget;
			buildConfigurationList = F71BDC5D2AE19834008A82DA /* Build configuration list for PBXNativeTarget "Ders3" */;
			buildPhases = (
				F71BDC532AE19833008A82DA /* Sources */,
				F71BDC542AE19833008A82DA /* Frameworks */,
				F71BDC552AE19833008A82DA /* CopyFiles */,
			);
			buildRules = (
			);
			dependencies = (
			);
			name = Ders3;
			productName = Ders3;
			productReference = F71BDC572AE19833008A82DA /* Ders3 */;
			productType = "com.apple.product-type.tool";
		};
		F71BDC612AE1A096008A82DA /* Ders4 */ = {
			isa = PBXNativeTarget;
			buildConfigurationList = F71BDC662AE1A097008A82DA /* Build configuration list for PBXNativeTarget "Ders4" */;
			buildPhases = (
				F71BDC5E2AE1A096008A82DA /* Sources */,
				F71BDC5F2AE1A096008A82DA /* Frameworks */,
				F71BDC602AE1A096008A82DA /* CopyFiles */,
			);
			buildRules = (
			);
			dependencies = (
			);
			name = Ders4;
			productName = Ders4;
			productReference = F71BDC622AE1A096008A82DA /* Ders4 */;
			productType = "com.apple.product-type.tool";
		};
		F75C67372AE06E08002FAA47 /* Ders2 */ = {
			isa = PBXNativeTarget;
			buildConfigurationList = F75C673E2AE06E08002FAA47 /* Build configuration list for PBXNativeTarget "Ders2" */;
			buildPhases = (
				F75C67342AE06E08002FAA47 /* Sources */,
				F75C67352AE06E08002FAA47 /* Frameworks */,
				F75C67362AE06E08002FAA47 /* CopyFiles */,
			);
			buildRules = (
			);
			dependencies = (
			);
			name = Ders2;
			productName = Ders2;
			productReference = F75C67382AE06E08002FAA47 /* Ders2 */;
			productType = "com.apple.product-type.tool";
		};
		F772C7C52AE0523E0024CE59 /* with-Murat-Yucedag */ = {
			isa = PBXNativeTarget;
			buildConfigurationList = F772C7CD2AE0523E0024CE59 /* Build configuration list for PBXNativeTarget "with-Murat-Yucedag" */;
			buildPhases = (
				F772C7C22AE0523E0024CE59 /* Sources */,
				F772C7C32AE0523E0024CE59 /* Frameworks */,
				F772C7C42AE0523E0024CE59 /* CopyFiles */,
			);
			buildRules = (
			);
			dependencies = (
			);
			name = "with-Murat-Yucedag";
			productName = "with-Murat-Yucedag";
			productReference = F772C7C62AE0523E0024CE59 /* with-Murat-Yucedag */;
			productType = "com.apple.product-type.tool";
		};
		F772C7D32AE0526F0024CE59 /* Ders1 */ = {
			isa = PBXNativeTarget;
			buildConfigurationList = F772C7D82AE0526F0024CE59 /* Build configuration list for PBXNativeTarget "Ders1" */;
			buildPhases = (
				F772C7D02AE0526F0024CE59 /* Sources */,
				F772C7D12AE0526F0024CE59 /* Frameworks */,
				F772C7D22AE0526F0024CE59 /* CopyFiles */,
			);
			buildRules = (
			);
			dependencies = (
			);
			name = Ders1;
			productName = Ders1;
			productReference = F772C7D42AE0526F0024CE59 /* Ders1 */;
			productType = "com.apple.product-type.tool";
		};
/* End PBXNativeTarget section */

/* Begin PBXProject section */
		F772C7BE2AE0523E0024CE59 /* Project object */ = {
			isa = PBXProject;
			attributes = {
				BuildIndependentTargetsInParallel = 1;
				LastUpgradeCheck = 1500;
				TargetAttributes = {
					F7048FBD2AE44D2A00E2ECE7 = {
						CreatedOnToolsVersion = 15.0;
					};
					F71BDC562AE19833008A82DA = {
						CreatedOnToolsVersion = 15.0;
					};
					F71BDC612AE1A096008A82DA = {
						CreatedOnToolsVersion = 15.0;
					};
					F75C67372AE06E08002FAA47 = {
						CreatedOnToolsVersion = 15.0;
					};
					F772C7C52AE0523E0024CE59 = {
						CreatedOnToolsVersion = 15.0;
					};
					F772C7D32AE0526F0024CE59 = {
						CreatedOnToolsVersion = 15.0;
					};
				};
			};
			buildConfigurationList = F772C7C12AE0523E0024CE59 /* Build configuration list for PBXProject "with-Murat-Yucedag" */;
			compatibilityVersion = "Xcode 14.0";
			developmentRegion = en;
			hasScannedForEncodings = 0;
			knownRegions = (
				en,
				Base,
			);
			mainGroup = F772C7BD2AE0523E0024CE59;
			productRefGroup = F772C7C72AE0523E0024CE59 /* Products */;
			projectDirPath = "";
			projectRoot = "";
			targets = (
				F772C7C52AE0523E0024CE59 /* with-Murat-Yucedag */,
				F772C7D32AE0526F0024CE59 /* Ders1 */,
				F75C67372AE06E08002FAA47 /* Ders2 */,
				F71BDC562AE19833008A82DA /* Ders3 */,
				F71BDC612AE1A096008A82DA /* Ders4 */,
				F7048FBD2AE44D2A00E2ECE7 /* Ders5 */,
			);
		};
/* End PBXProject section */

/* Begin PBXSourcesBuildPhase section */
		F7048FBA2AE44D2A00E2ECE7 /* Sources */ = {
			isa = PBXSourcesBuildPhase;
			buildActionMask = 2147483647;
			files = (
				F78864962AE44F5C005A3319 /* main.c in Sources */,
			);
			runOnlyForDeploymentPostprocessing = 0;
		};
		F71BDC532AE19833008A82DA /* Sources */ = {
			isa = PBXSourcesBuildPhase;
			buildActionMask = 2147483647;
			files = (
				F71BDC5A2AE19834008A82DA /* main.c in Sources */,
			);
			runOnlyForDeploymentPostprocessing = 0;
		};
		F71BDC5E2AE1A096008A82DA /* Sources */ = {
			isa = PBXSourcesBuildPhase;
			buildActionMask = 2147483647;
			files = (
				F71BDC652AE1A097008A82DA /* main.c in Sources */,
			);
			runOnlyForDeploymentPostprocessing = 0;
		};
		F75C67342AE06E08002FAA47 /* Sources */ = {
			isa = PBXSourcesBuildPhase;
			buildActionMask = 2147483647;
			files = (
				F75C673B2AE06E08002FAA47 /* main.c in Sources */,
			);
			runOnlyForDeploymentPostprocessing = 0;
		};
		F772C7C22AE0523E0024CE59 /* Sources */ = {
			isa = PBXSourcesBuildPhase;
			buildActionMask = 2147483647;
			files = (
				F772C7CA2AE0523E0024CE59 /* main.c in Sources */,
			);
			runOnlyForDeploymentPostprocessing = 0;
		};
		F772C7D02AE0526F0024CE59 /* Sources */ = {
			isa = PBXSourcesBuildPhase;
			buildActionMask = 2147483647;
			files = (
				F772C7D72AE0526F0024CE59 /* main.c in Sources */,
			);
			runOnlyForDeploymentPostprocessing = 0;
		};
/* End PBXSourcesBuildPhase section */

/* Begin XCBuildConfiguration section */
		F7048FC22AE44D2A00E2ECE7 /* Debug */ = {
			isa = XCBuildConfiguration;
			buildSettings = {
				CODE_SIGN_STYLE = Automatic;
				PRODUCT_NAME = "$(TARGET_NAME)";
			};
			name = Debug;
		};
		F7048FC32AE44D2A00E2ECE7 /* Release */ = {
			isa = XCBuildConfiguration;
			buildSettings = {
				CODE_SIGN_STYLE = Automatic;
				PRODUCT_NAME = "$(TARGET_NAME)";
			};
			name = Release;
		};
		F71BDC5B2AE19834008A82DA /* Debug */ = {
			isa = XCBuildConfiguration;
			buildSettings = {
				CODE_SIGN_STYLE = Automatic;
				PRODUCT_NAME = "$(TARGET_NAME)";
			};
			name = Debug;
		};
		F71BDC5C2AE19834008A82DA /* Release */ = {
			isa = XCBuildConfiguration;
			buildSettings = {
				CODE_SIGN_STYLE = Automatic;
				PRODUCT_NAME = "$(TARGET_NAME)";
			};
			name = Release;
		};
		F71BDC672AE1A097008A82DA /* Debug */ = {
			isa = XCBuildConfiguration;
			buildSettings = {
				CODE_SIGN_STYLE = Automatic;
				PRODUCT_NAME = "$(TARGET_NAME)";
			};
			name = Debug;
		};
		F71BDC682AE1A097008A82DA /* Release */ = {
			isa = XCBuildConfiguration;
			buildSettings = {
				CODE_SIGN_STYLE = Automatic;
				PRODUCT_NAME = "$(TARGET_NAME)";
			};
			name = Release;
		};
		F75C673C2AE06E08002FAA47 /* Debug */ = {
			isa = XCBuildConfiguration;
			buildSettings = {
				CODE_SIGN_STYLE = Automatic;
				PRODUCT_NAME = "$(TARGET_NAME)";
			};
			name = Debug;
		};
		F75C673D2AE06E08002FAA47 /* Release */ = {
			isa = XCBuildConfiguration;
			buildSettings = {
				CODE_SIGN_STYLE = Automatic;
				PRODUCT_NAME = "$(TARGET_NAME)";
			};
			name = Release;
		};
		F772C7CB2AE0523E0024CE59 /* Debug */ = {
			isa = XCBuildConfiguration;
			buildSettings = {
				ALWAYS_SEARCH_USER_PATHS = NO;
				ASSETCATALOG_COMPILER_GENERATE_SWIFT_ASSET_SYMBOL_EXTENSIONS = YES;
				CLANG_ANALYZER_NONNULL = YES;
				CLANG_ANALYZER_NUMBER_OBJECT_CONVERSION = YES_AGGRESSIVE;
				CLANG_CXX_LANGUAGE_STANDARD = "gnu++20";
				CLANG_ENABLE_MODULES = YES;
				CLANG_ENABLE_OBJC_ARC = YES;
				CLANG_ENABLE_OBJC_WEAK = YES;
				CLANG_WARN_BLOCK_CAPTURE_AUTORELEASING = YES;
				CLANG_WARN_BOOL_CONVERSION = YES;
				CLANG_WARN_COMMA = YES;
				CLANG_WARN_CONSTANT_CONVERSION = YES;
				CLANG_WARN_DEPRECATED_OBJC_IMPLEMENTATIONS = YES;
				CLANG_WARN_DIRECT_OBJC_ISA_USAGE = YES_ERROR;
				CLANG_WARN_DOCUMENTATION_COMMENTS = YES;
				CLANG_WARN_EMPTY_BODY = YES;
				CLANG_WARN_ENUM_CONVERSION = YES;
				CLANG_WARN_INFINITE_RECURSION = YES;
				CLANG_WARN_INT_CONVERSION = YES;
				CLANG_WARN_NON_LITERAL_NULL_CONVERSION = YES;
				CLANG_WARN_OBJC_IMPLICIT_RETAIN_SELF = YES;
				CLANG_WARN_OBJC_LITERAL_CONVERSION = YES;
				CLANG_WARN_OBJC_ROOT_CLASS = YES_ERROR;
				CLANG_WARN_QUOTED_INCLUDE_IN_FRAMEWORK_HEADER = YES;
				CLANG_WARN_RANGE_LOOP_ANALYSIS = YES;
				CLANG_WARN_STRICT_PROTOTYPES = YES;
				CLANG_WARN_SUSPICIOUS_MOVE = YES;
				CLANG_WARN_UNGUARDED_AVAILABILITY = YES_AGGRESSIVE;
				CLANG_WARN_UNREACHABLE_CODE = YES;
				CLANG_WARN__DUPLICATE_METHOD_MATCH = YES;
				COPY_PHASE_STRIP = NO;
				DEBUG_INFORMATION_FORMAT = dwarf;
				ENABLE_STRICT_OBJC_MSGSEND = YES;
				ENABLE_TESTABILITY = YES;
				ENABLE_USER_SCRIPT_SANDBOXING = YES;
				GCC_C_LANGUAGE_STANDARD = gnu17;
				GCC_DYNAMIC_NO_PIC = NO;
				GCC_NO_COMMON_BLOCKS = YES;
				GCC_OPTIMIZATION_LEVEL = 0;
				GCC_PREPROCESSOR_DEFINITIONS = (
					"DEBUG=1",
					"$(inherited)",
				);
				GCC_WARN_64_TO_32_BIT_CONVERSION = YES;
				GCC_WARN_ABOUT_RETURN_TYPE = YES_ERROR;
				GCC_WARN_UNDECLARED_SELECTOR = YES;
				GCC_WARN_UNINITIALIZED_AUTOS = YES_AGGRESSIVE;
				GCC_WARN_UNUSED_FUNCTION = YES;
				GCC_WARN_UNUSED_VARIABLE = YES;
				LOCALIZATION_PREFERS_STRING_CATALOGS = YES;
				MACOSX_DEPLOYMENT_TARGET = 14.0;
				MTL_ENABLE_DEBUG_INFO = INCLUDE_SOURCE;
				MTL_FAST_MATH = YES;
				ONLY_ACTIVE_ARCH = YES;
				SDKROOT = macosx;
			};
			name = Debug;
		};
		F772C7CC2AE0523E0024CE59 /* Release */ = {
			isa = XCBuildConfiguration;
			buildSettings = {
				ALWAYS_SEARCH_USER_PATHS = NO;
				ASSETCATALOG_COMPILER_GENERATE_SWIFT_ASSET_SYMBOL_EXTENSIONS = YES;
				CLANG_ANALYZER_NONNULL = YES;
				CLANG_ANALYZER_NUMBER_OBJECT_CONVERSION = YES_AGGRESSIVE;
				CLANG_CXX_LANGUAGE_STANDARD = "gnu++20";
				CLANG_ENABLE_MODULES = YES;
				CLANG_ENABLE_OBJC_ARC = YES;
				CLANG_ENABLE_OBJC_WEAK = YES;
				CLANG_WARN_BLOCK_CAPTURE_AUTORELEASING = YES;
				CLANG_WARN_BOOL_CONVERSION = YES;
				CLANG_WARN_COMMA = YES;
				CLANG_WARN_CONSTANT_CONVERSION = YES;
				CLANG_WARN_DEPRECATED_OBJC_IMPLEMENTATIONS = YES;
				CLANG_WARN_DIRECT_OBJC_ISA_USAGE = YES_ERROR;
				CLANG_WARN_DOCUMENTATION_COMMENTS = YES;
				CLANG_WARN_EMPTY_BODY = YES;
				CLANG_WARN_ENUM_CONVERSION = YES;
				CLANG_WARN_INFINITE_RECURSION = YES;
				CLANG_WARN_INT_CONVERSION = YES;
				CLANG_WARN_NON_LITERAL_NULL_CONVERSION = YES;
				CLANG_WARN_OBJC_IMPLICIT_RETAIN_SELF = YES;
				CLANG_WARN_OBJC_LITERAL_CONVERSION = YES;
				CLANG_WARN_OBJC_ROOT_CLASS = YES_ERROR;
				CLANG_WARN_QUOTED_INCLUDE_IN_FRAMEWORK_HEADER = YES;
				CLANG_WARN_RANGE_LOOP_ANALYSIS = YES;
				CLANG_WARN_STRICT_PROTOTYPES = YES;
				CLANG_WARN_SUSPICIOUS_MOVE = YES;
				CLANG_WARN_UNGUARDED_AVAILABILITY = YES_AGGRESSIVE;
				CLANG_WARN_UNREACHABLE_CODE = YES;
				CLANG_WARN__DUPLICATE_METHOD_MATCH = YES;
				COPY_PHASE_STRIP = NO;
				DEBUG_INFORMATION_FORMAT = "dwarf-with-dsym";
				ENABLE_NS_ASSERTIONS = NO;
				ENABLE_STRICT_OBJC_MSGSEND = YES;
				ENABLE_USER_SCRIPT_SANDBOXING = YES;
				GCC_C_LANGUAGE_STANDARD = gnu17;
				GCC_NO_COMMON_BLOCKS = YES;
				GCC_WARN_64_TO_32_BIT_CONVERSION = YES;
				GCC_WARN_ABOUT_RETURN_TYPE = YES_ERROR;
				GCC_WARN_UNDECLARED_SELECTOR = YES;
				GCC_WARN_UNINITIALIZED_AUTOS = YES_AGGRESSIVE;
				GCC_WARN_UNUSED_FUNCTION = YES;
				GCC_WARN_UNUSED_VARIABLE = YES;
				LOCALIZATION_PREFERS_STRING_CATALOGS = YES;
				MACOSX_DEPLOYMENT_TARGET = 14.0;
				MTL_ENABLE_DEBUG_INFO = NO;
				MTL_FAST_MATH = YES;
				SDKROOT = macosx;
			};
			name = Release;
		};
		F772C7CE2AE0523E0024CE59 /* Debug */ = {
			isa = XCBuildConfiguration;
			buildSettings = {
				CODE_SIGN_STYLE = Automatic;
				PRODUCT_NAME = "$(TARGET_NAME)";
			};
			name = Debug;
		};
		F772C7CF2AE0523E0024CE59 /* Release */ = {
			isa = XCBuildConfiguration;
			buildSettings = {
				CODE_SIGN_STYLE = Automatic;
				PRODUCT_NAME = "$(TARGET_NAME)";
			};
			name = Release;
		};
		F772C7D92AE0526F0024CE59 /* Debug */ = {
			isa = XCBuildConfiguration;
			buildSettings = {
				CODE_SIGN_STYLE = Automatic;
				PRODUCT_NAME = "$(TARGET_NAME)";
			};
			name = Debug;
		};
		F772C7DA2AE0526F0024CE59 /* Release */ = {
			isa = XCBuildConfiguration;
			buildSettings = {
				CODE_SIGN_STYLE = Automatic;
				PRODUCT_NAME = "$(TARGET_NAME)";
			};
			name = Release;
		};
/* End XCBuildConfiguration section */

/* Begin XCConfigurationList section */
		F7048FC42AE44D2A00E2ECE7 /* Build configuration list for PBXNativeTarget "Ders5" */ = {
			isa = XCConfigurationList;
			buildConfigurations = (
				F7048FC22AE44D2A00E2ECE7 /* Debug */,
				F7048FC32AE44D2A00E2ECE7 /* Release */,
			);
			defaultConfigurationIsVisible = 0;
			defaultConfigurationName = Release;
		};
		F71BDC5D2AE19834008A82DA /* Build configuration list for PBXNativeTarget "Ders3" */ = {
			isa = XCConfigurationList;
			buildConfigurations = (
				F71BDC5B2AE19834008A82DA /* Debug */,
				F71BDC5C2AE19834008A82DA /* Release */,
			);
			defaultConfigurationIsVisible = 0;
			defaultConfigurationName = Release;
		};
		F71BDC662AE1A097008A82DA /* Build configuration list for PBXNativeTarget "Ders4" */ = {
			isa = XCConfigurationList;
			buildConfigurations = (
				F71BDC672AE1A097008A82DA /* Debug */,
				F71BDC682AE1A097008A82DA /* Release */,
			);
			defaultConfigurationIsVisible = 0;
			defaultConfigurationName = Release;
		};
		F75C673E2AE06E08002FAA47 /* Build configuration list for PBXNativeTarget "Ders2" */ = {
			isa = XCConfigurationList;
			buildConfigurations = (
				F75C673C2AE06E08002FAA47 /* Debug */,
				F75C673D2AE06E08002FAA47 /* Release */,
			);
			defaultConfigurationIsVisible = 0;
			defaultConfigurationName = Release;
		};
		F772C7C12AE0523E0024CE59 /* Build configuration list for PBXProject "with-Murat-Yucedag" */ = {
			isa = XCConfigurationList;
			buildConfigurations = (
				F772C7CB2AE0523E0024CE59 /* Debug */,
				F772C7CC2AE0523E0024CE59 /* Release */,
			);
			defaultConfigurationIsVisible = 0;
			defaultConfigurationName = Release;
		};
		F772C7CD2AE0523E0024CE59 /* Build configuration list for PBXNativeTarget "with-Murat-Yucedag" */ = {
			isa = XCConfigurationList;
			buildConfigurations = (
				F772C7CE2AE0523E0024CE59 /* Debug */,
				F772C7CF2AE0523E0024CE59 /* Release */,
			);
			defaultConfigurationIsVisible = 0;
			defaultConfigurationName = Release;
		};
		F772C7D82AE0526F0024CE59 /* Build configuration list for PBXNativeTarget "Ders1" */ = {
			isa = XCConfigurationList;
			buildConfigurations = (
				F772C7D92AE0526F0024CE59 /* Debug */,
				F772C7DA2AE0526F0024CE59 /* Release */,
			);
			defaultConfigurationIsVisible = 0;
			defaultConfigurationName = Release;
		};
/* End XCConfigurationList section */
	};
	rootObject = F772C7BE2AE0523E0024CE59 /* Project object */;
}
